// !$*UTF8*$!
{
	archiveVersion = 1;
	classes = {
	};
	objectVersion = 56;
	objects = {

/* Begin PBXBuildFile section */
		3B5E65C529880CD7005282BC /* TabBarView.swift in Sources */ = {isa = PBXBuildFile; fileRef = 3B5E65C429880CD7005282BC /* TabBarView.swift */; };
		3B5E65C729881018005282BC /* TabItems.swift in Sources */ = {isa = PBXBuildFile; fileRef = 3B5E65C629881018005282BC /* TabItems.swift */; };
		3B5E65CA2988261A005282BC /* ErrorView.swift in Sources */ = {isa = PBXBuildFile; fileRef = 3B5E65C92988261A005282BC /* ErrorView.swift */; };
		3B6EB3B22969783000F0AD03 /* TabBar.swift in Sources */ = {isa = PBXBuildFile; fileRef = 3B6EB3B12969783000F0AD03 /* TabBar.swift */; };
		3B6EB3B529698AF600F0AD03 /* SearchBar.swift in Sources */ = {isa = PBXBuildFile; fileRef = 3B6EB3B429698AF600F0AD03 /* SearchBar.swift */; };
		3B6EB3B82969B95D00F0AD03 /* Categories.swift in Sources */ = {isa = PBXBuildFile; fileRef = 3B6EB3B72969B95D00F0AD03 /* Categories.swift */; };
		3BA6A8292969D228004094E4 /* MealsViewModels.swift in Sources */ = {isa = PBXBuildFile; fileRef = 3BA6A8282969D228004094E4 /* MealsViewModels.swift */; };
		3BA6A82B2969D276004094E4 /* Urls.swift in Sources */ = {isa = PBXBuildFile; fileRef = 3BA6A82A2969D276004094E4 /* Urls.swift */; };
		3BA6A82E2969D2CC004094E4 /* NetworkConnection.swift in Sources */ = {isa = PBXBuildFile; fileRef = 3BA6A82D2969D2CC004094E4 /* NetworkConnection.swift */; };
		3BA6A8302969D38E004094E4 /* MainModel.swift in Sources */ = {isa = PBXBuildFile; fileRef = 3BA6A82F2969D38E004094E4 /* MainModel.swift */; };
		3BCF63C5296AD79F00378904 /* FavoritesView.swift in Sources */ = {isa = PBXBuildFile; fileRef = 3BCF63C4296AD79F00378904 /* FavoritesView.swift */; };
		3BCF63C8296B0E4A00378904 /* CategoriesView.swift in Sources */ = {isa = PBXBuildFile; fileRef = 3BCF63C7296B0E4A00378904 /* CategoriesView.swift */; };
		3BCF63CB296B0EBB00378904 /* RandomDishesView.swift in Sources */ = {isa = PBXBuildFile; fileRef = 3BCF63CA296B0EBB00378904 /* RandomDishesView.swift */; };
		3BD08C6B2968CAE900CE56ED /* MealsApp.swift in Sources */ = {isa = PBXBuildFile; fileRef = 3BD08C6A2968CAE900CE56ED /* MealsApp.swift */; };
		3BD08C6D2968CAE900CE56ED /* MainView.swift in Sources */ = {isa = PBXBuildFile; fileRef = 3BD08C6C2968CAE900CE56ED /* MainView.swift */; };
		3BD08C6F2968CAEA00CE56ED /* Assets.xcassets in Resources */ = {isa = PBXBuildFile; fileRef = 3BD08C6E2968CAEA00CE56ED /* Assets.xcassets */; };
		3BD08C722968CAEA00CE56ED /* Preview Assets.xcassets in Resources */ = {isa = PBXBuildFile; fileRef = 3BD08C712968CAEA00CE56ED /* Preview Assets.xcassets */; };
/* End PBXBuildFile section */

/* Begin PBXFileReference section */
		3B5E65C429880CD7005282BC /* TabBarView.swift */ = {isa = PBXFileReference; lastKnownFileType = sourcecode.swift; path = TabBarView.swift; sourceTree = "<group>"; };
		3B5E65C629881018005282BC /* TabItems.swift */ = {isa = PBXFileReference; lastKnownFileType = sourcecode.swift; path = TabItems.swift; sourceTree = "<group>"; };
		3B5E65C92988261A005282BC /* ErrorView.swift */ = {isa = PBXFileReference; lastKnownFileType = sourcecode.swift; path = ErrorView.swift; sourceTree = "<group>"; };
		3B6EB3B12969783000F0AD03 /* TabBar.swift */ = {isa = PBXFileReference; lastKnownFileType = sourcecode.swift; path = TabBar.swift; sourceTree = "<group>"; };
		3B6EB3B429698AF600F0AD03 /* SearchBar.swift */ = {isa = PBXFileReference; lastKnownFileType = sourcecode.swift; path = SearchBar.swift; sourceTree = "<group>"; };
		3B6EB3B72969B95D00F0AD03 /* Categories.swift */ = {isa = PBXFileReference; lastKnownFileType = sourcecode.swift; path = Categories.swift; sourceTree = "<group>"; };
		3BA6A8282969D228004094E4 /* MealsViewModels.swift */ = {isa = PBXFileReference; lastKnownFileType = sourcecode.swift; path = MealsViewModels.swift; sourceTree = "<group>"; };
		3BA6A82A2969D276004094E4 /* Urls.swift */ = {isa = PBXFileReference; lastKnownFileType = sourcecode.swift; path = Urls.swift; sourceTree = "<group>"; };
		3BA6A82D2969D2CC004094E4 /* NetworkConnection.swift */ = {isa = PBXFileReference; lastKnownFileType = sourcecode.swift; path = NetworkConnection.swift; sourceTree = "<group>"; };
		3BA6A82F2969D38E004094E4 /* MainModel.swift */ = {isa = PBXFileReference; lastKnownFileType = sourcecode.swift; path = MainModel.swift; sourceTree = "<group>"; };
		3BCF63C4296AD79F00378904 /* FavoritesView.swift */ = {isa = PBXFileReference; lastKnownFileType = sourcecode.swift; path = FavoritesView.swift; sourceTree = "<group>"; };
		3BCF63C7296B0E4A00378904 /* CategoriesView.swift */ = {isa = PBXFileReference; lastKnownFileType = sourcecode.swift; path = CategoriesView.swift; sourceTree = "<group>"; };
		3BCF63CA296B0EBB00378904 /* RandomDishesView.swift */ = {isa = PBXFileReference; lastKnownFileType = sourcecode.swift; path = RandomDishesView.swift; sourceTree = "<group>"; };
		3BD08C672968CAE900CE56ED /* Meals.app */ = {isa = PBXFileReference; explicitFileType = wrapper.application; includeInIndex = 0; path = Meals.app; sourceTree = BUILT_PRODUCTS_DIR; };
		3BD08C6A2968CAE900CE56ED /* MealsApp.swift */ = {isa = PBXFileReference; lastKnownFileType = sourcecode.swift; path = MealsApp.swift; sourceTree = "<group>"; };
		3BD08C6C2968CAE900CE56ED /* MainView.swift */ = {isa = PBXFileReference; lastKnownFileType = sourcecode.swift; path = MainView.swift; sourceTree = "<group>"; };
		3BD08C6E2968CAEA00CE56ED /* Assets.xcassets */ = {isa = PBXFileReference; lastKnownFileType = folder.assetcatalog; path = Assets.xcassets; sourceTree = "<group>"; };
		3BD08C712968CAEA00CE56ED /* Preview Assets.xcassets */ = {isa = PBXFileReference; lastKnownFileType = folder.assetcatalog; path = "Preview Assets.xcassets"; sourceTree = "<group>"; };
/* End PBXFileReference section */

/* Begin PBXFrameworksBuildPhase section */
		3BD08C642968CAE900CE56ED /* Frameworks */ = {
			isa = PBXFrameworksBuildPhase;
			buildActionMask = 2147483647;
			files = (
			);
			runOnlyForDeploymentPostprocessing = 0;
		};
/* End PBXFrameworksBuildPhase section */

/* Begin PBXGroup section */
		3B5E65C82988260B005282BC /* ErrorView */ = {
			isa = PBXGroup;
			children = (
				3B5E65C92988261A005282BC /* ErrorView.swift */,
			);
			path = ErrorView;
			sourceTree = "<group>";
		};
		3B6EB3B02969781800F0AD03 /* TabBar */ = {
			isa = PBXGroup;
			children = (
				3B6EB3B12969783000F0AD03 /* TabBar.swift */,
			);
			path = TabBar;
			sourceTree = "<group>";
		};
		3B6EB3B329698A9A00F0AD03 /* SearchBar */ = {
			isa = PBXGroup;
			children = (
				3B6EB3B429698AF600F0AD03 /* SearchBar.swift */,
			);
			path = SearchBar;
			sourceTree = "<group>";
		};
		3B6EB3B62969B95300F0AD03 /* Enums */ = {
			isa = PBXGroup;
			children = (
				3B6EB3B72969B95D00F0AD03 /* Categories.swift */,
				3BA6A82A2969D276004094E4 /* Urls.swift */,
				3B5E65C629881018005282BC /* TabItems.swift */,
			);
			path = Enums;
			sourceTree = "<group>";
		};
		3BA6A82C2969D2C1004094E4 /* Services */ = {
			isa = PBXGroup;
			children = (
				3BA6A82D2969D2CC004094E4 /* NetworkConnection.swift */,
			);
			path = Services;
			sourceTree = "<group>";
		};
		3BCF63C6296B0E3D00378904 /* Categories */ = {
			isa = PBXGroup;
			children = (
				3BCF63C7296B0E4A00378904 /* CategoriesView.swift */,
			);
			path = Categories;
			sourceTree = "<group>";
		};
		3BCF63C9296B0EA800378904 /* RandomDishes */ = {
			isa = PBXGroup;
			children = (
				3BCF63CA296B0EBB00378904 /* RandomDishesView.swift */,
			);
			path = RandomDishes;
			sourceTree = "<group>";
		};
		3BD08C5E2968CAE900CE56ED = {
			isa = PBXGroup;
			children = (
				3BD08C692968CAE900CE56ED /* Meals */,
				3BD08C682968CAE900CE56ED /* Products */,
			);
			sourceTree = "<group>";
		};
		3BD08C682968CAE900CE56ED /* Products */ = {
			isa = PBXGroup;
			children = (
				3BD08C672968CAE900CE56ED /* Meals.app */,
			);
			name = Products;
			sourceTree = "<group>";
		};
		3BD08C692968CAE900CE56ED /* Meals */ = {
			isa = PBXGroup;
			children = (
				3BA6A82C2969D2C1004094E4 /* Services */,
				3BD08C7B2968CB0F00CE56ED /* Application */,
				3BD08C7A2968CB0600CE56ED /* Models */,
				3BD08C792968CAFF00CE56ED /* ViewModels */,
				3BD08C782968CAF500CE56ED /* Views */,
				3BD08C6E2968CAEA00CE56ED /* Assets.xcassets */,
				3BD08C702968CAEA00CE56ED /* Preview Content */,
			);
			path = Meals;
			sourceTree = "<group>";
		};
		3BD08C702968CAEA00CE56ED /* Preview Content */ = {
			isa = PBXGroup;
			children = (
				3BD08C712968CAEA00CE56ED /* Preview Assets.xcassets */,
			);
			path = "Preview Content";
			sourceTree = "<group>";
		};
		3BD08C782968CAF500CE56ED /* Views */ = {
			isa = PBXGroup;
			children = (
				3B5E65C82988260B005282BC /* ErrorView */,
				3BCF63C9296B0EA800378904 /* RandomDishes */,
				3BCF63C6296B0E3D00378904 /* Categories */,
				3B6EB3B329698A9A00F0AD03 /* SearchBar */,
				3B6EB3B02969781800F0AD03 /* TabBar */,
				3BD08C6C2968CAE900CE56ED /* MainView.swift */,
				3BCF63C4296AD79F00378904 /* FavoritesView.swift */,
				3B5E65C429880CD7005282BC /* TabBarView.swift */,
			);
			path = Views;
			sourceTree = "<group>";
		};
		3BD08C792968CAFF00CE56ED /* ViewModels */ = {
			isa = PBXGroup;
			children = (
				3BA6A8282969D228004094E4 /* MealsViewModels.swift */,
			);
			path = ViewModels;
			sourceTree = "<group>";
		};
		3BD08C7A2968CB0600CE56ED /* Models */ = {
			isa = PBXGroup;
			children = (
				3B6EB3B62969B95300F0AD03 /* Enums */,
				3BA6A82F2969D38E004094E4 /* MainModel.swift */,
			);
			path = Models;
			sourceTree = "<group>";
		};
		3BD08C7B2968CB0F00CE56ED /* Application */ = {
			isa = PBXGroup;
			children = (
				3BD08C6A2968CAE900CE56ED /* MealsApp.swift */,
			);
			path = Application;
			sourceTree = "<group>";
		};
/* End PBXGroup section */

/* Begin PBXNativeTarget section */
		3BD08C662968CAE900CE56ED /* Meals */ = {
			isa = PBXNativeTarget;
			buildConfigurationList = 3BD08C752968CAEA00CE56ED /* Build configuration list for PBXNativeTarget "Meals" */;
			buildPhases = (
				3BD08C632968CAE900CE56ED /* Sources */,
				3BD08C642968CAE900CE56ED /* Frameworks */,
				3BD08C652968CAE900CE56ED /* Resources */,
			);
			buildRules = (
			);
			dependencies = (
			);
			name = Meals;
			productName = Meals;
			productReference = 3BD08C672968CAE900CE56ED /* Meals.app */;
			productType = "com.apple.product-type.application";
		};
/* End PBXNativeTarget section */

/* Begin PBXProject section */
		3BD08C5F2968CAE900CE56ED /* Project object */ = {
			isa = PBXProject;
			attributes = {
				BuildIndependentTargetsInParallel = 1;
				LastSwiftUpdateCheck = 1400;
				LastUpgradeCheck = 1400;
				TargetAttributes = {
					3BD08C662968CAE900CE56ED = {
						CreatedOnToolsVersion = 14.0;
					};
				};
			};
			buildConfigurationList = 3BD08C622968CAE900CE56ED /* Build configuration list for PBXProject "Meals" */;
			compatibilityVersion = "Xcode 14.0";
			developmentRegion = en;
			hasScannedForEncodings = 0;
			knownRegions = (
				en,
				Base,
			);
			mainGroup = 3BD08C5E2968CAE900CE56ED;
			productRefGroup = 3BD08C682968CAE900CE56ED /* Products */;
			projectDirPath = "";
			projectRoot = "";
			targets = (
				3BD08C662968CAE900CE56ED /* Meals */,
			);
		};
/* End PBXProject section */

/* Begin PBXResourcesBuildPhase section */
		3BD08C652968CAE900CE56ED /* Resources */ = {
			isa = PBXResourcesBuildPhase;
			buildActionMask = 2147483647;
			files = (
				3BD08C722968CAEA00CE56ED /* Preview Assets.xcassets in Resources */,
				3BD08C6F2968CAEA00CE56ED /* Assets.xcassets in Resources */,
			);
			runOnlyForDeploymentPostprocessing = 0;
		};
/* End PBXResourcesBuildPhase section */

/* Begin PBXSourcesBuildPhase section */
		3BD08C632968CAE900CE56ED /* Sources */ = {
			isa = PBXSourcesBuildPhase;
			buildActionMask = 2147483647;
			files = (
				3BCF63C5296AD79F00378904 /* FavoritesView.swift in Sources */,
				3BCF63CB296B0EBB00378904 /* RandomDishesView.swift in Sources */,
				3B5E65C529880CD7005282BC /* TabBarView.swift in Sources */,
				3BD08C6D2968CAE900CE56ED /* MainView.swift in Sources */,
				3B5E65C729881018005282BC /* TabItems.swift in Sources */,
				3B6EB3B529698AF600F0AD03 /* SearchBar.swift in Sources */,
				3B6EB3B82969B95D00F0AD03 /* Categories.swift in Sources */,
				3BA6A8292969D228004094E4 /* MealsViewModels.swift in Sources */,
				3BA6A82E2969D2CC004094E4 /* NetworkConnection.swift in Sources */,
				3BA6A8302969D38E004094E4 /* MainModel.swift in Sources */,
				3B5E65CA2988261A005282BC /* ErrorView.swift in Sources */,
				3B6EB3B22969783000F0AD03 /* TabBar.swift in Sources */,
				3BCF63C8296B0E4A00378904 /* CategoriesView.swift in Sources */,
				3BA6A82B2969D276004094E4 /* Urls.swift in Sources */,
				3BD08C6B2968CAE900CE56ED /* MealsApp.swift in Sources */,
			);
			runOnlyForDeploymentPostprocessing = 0;
		};
/* End PBXSourcesBuildPhase section */

/* Begin XCBuildConfiguration section */
		3BD08C732968CAEA00CE56ED /* Debug */ = {
			isa = XCBuildConfiguration;
			buildSettings = {
				ALWAYS_SEARCH_USER_PATHS = NO;
				CLANG_ANALYZER_NONNULL = YES;
				CLANG_ANALYZER_NUMBER_OBJECT_CONVERSION = YES_AGGRESSIVE;
				CLANG_CXX_LANGUAGE_STANDARD = "gnu++20";
				CLANG_ENABLE_MODULES = YES;
				CLANG_ENABLE_OBJC_ARC = YES;
				CLANG_ENABLE_OBJC_WEAK = YES;
				CLANG_WARN_BLOCK_CAPTURE_AUTORELEASING = YES;
				CLANG_WARN_BOOL_CONVERSION = YES;
				CLANG_WARN_COMMA = YES;
				CLANG_WARN_CONSTANT_CONVERSION = YES;
				CLANG_WARN_DEPRECATED_OBJC_IMPLEMENTATIONS = YES;
				CLANG_WARN_DIRECT_OBJC_ISA_USAGE = YES_ERROR;
				CLANG_WARN_DOCUMENTATION_COMMENTS = YES;
				CLANG_WARN_EMPTY_BODY = YES;
				CLANG_WARN_ENUM_CONVERSION = YES;
				CLANG_WARN_INFINITE_RECURSION = YES;
				CLANG_WARN_INT_CONVERSION = YES;
				CLANG_WARN_NON_LITERAL_NULL_CONVERSION = YES;
				CLANG_WARN_OBJC_IMPLICIT_RETAIN_SELF = YES;
				CLANG_WARN_OBJC_LITERAL_CONVERSION = YES;
				CLANG_WARN_OBJC_ROOT_CLASS = YES_ERROR;
				CLANG_WARN_QUOTED_INCLUDE_IN_FRAMEWORK_HEADER = YES;
				CLANG_WARN_RANGE_LOOP_ANALYSIS = YES;
				CLANG_WARN_STRICT_PROTOTYPES = YES;
				CLANG_WARN_SUSPICIOUS_MOVE = YES;
				CLANG_WARN_UNGUARDED_AVAILABILITY = YES_AGGRESSIVE;
				CLANG_WARN_UNREACHABLE_CODE = YES;
				CLANG_WARN__DUPLICATE_METHOD_MATCH = YES;
				COPY_PHASE_STRIP = NO;
				DEBUG_INFORMATION_FORMAT = dwarf;
				ENABLE_STRICT_OBJC_MSGSEND = YES;
				ENABLE_TESTABILITY = YES;
				GCC_C_LANGUAGE_STANDARD = gnu11;
				GCC_DYNAMIC_NO_PIC = NO;
				GCC_NO_COMMON_BLOCKS = YES;
				GCC_OPTIMIZATION_LEVEL = 0;
				GCC_PREPROCESSOR_DEFINITIONS = (
					"DEBUG=1",
					"$(inherited)",
				);
				GCC_WARN_64_TO_32_BIT_CONVERSION = YES;
				GCC_WARN_ABOUT_RETURN_TYPE = YES_ERROR;
				GCC_WARN_UNDECLARED_SELECTOR = YES;
				GCC_WARN_UNINITIALIZED_AUTOS = YES_AGGRESSIVE;
				GCC_WARN_UNUSED_FUNCTION = YES;
				GCC_WARN_UNUSED_VARIABLE = YES;
				IPHONEOS_DEPLOYMENT_TARGET = 16.0;
				MTL_ENABLE_DEBUG_INFO = INCLUDE_SOURCE;
				MTL_FAST_MATH = YES;
				ONLY_ACTIVE_ARCH = YES;
				SDKROOT = iphoneos;
				SWIFT_ACTIVE_COMPILATION_CONDITIONS = DEBUG;
				SWIFT_OPTIMIZATION_LEVEL = "-Onone";
			};
			name = Debug;
		};
		3BD08C742968CAEA00CE56ED /* Release */ = {
			isa = XCBuildConfiguration;
			buildSettings = {
				ALWAYS_SEARCH_USER_PATHS = NO;
				CLANG_ANALYZER_NONNULL = YES;
				CLANG_ANALYZER_NUMBER_OBJECT_CONVERSION = YES_AGGRESSIVE;
				CLANG_CXX_LANGUAGE_STANDARD = "gnu++20";
				CLANG_ENABLE_MODULES = YES;
				CLANG_ENABLE_OBJC_ARC = YES;
				CLANG_ENABLE_OBJC_WEAK = YES;
				CLANG_WARN_BLOCK_CAPTURE_AUTORELEASING = YES;
				CLANG_WARN_BOOL_CONVERSION = YES;
				CLANG_WARN_COMMA = YES;
				CLANG_WARN_CONSTANT_CONVERSION = YES;
				CLANG_WARN_DEPRECATED_OBJC_IMPLEMENTATIONS = YES;
				CLANG_WARN_DIRECT_OBJC_ISA_USAGE = YES_ERROR;
				CLANG_WARN_DOCUMENTATION_COMMENTS = YES;
				CLANG_WARN_EMPTY_BODY = YES;
				CLANG_WARN_ENUM_CONVERSION = YES;
				CLANG_WARN_INFINITE_RECURSION = YES;
				CLANG_WARN_INT_CONVERSION = YES;
				CLANG_WARN_NON_LITERAL_NULL_CONVERSION = YES;
				CLANG_WARN_OBJC_IMPLICIT_RETAIN_SELF = YES;
				CLANG_WARN_OBJC_LITERAL_CONVERSION = YES;
				CLANG_WARN_OBJC_ROOT_CLASS = YES_ERROR;
				CLANG_WARN_QUOTED_INCLUDE_IN_FRAMEWORK_HEADER = YES;
				CLANG_WARN_RANGE_LOOP_ANALYSIS = YES;
				CLANG_WARN_STRICT_PROTOTYPES = YES;
				CLANG_WARN_SUSPICIOUS_MOVE = YES;
				CLANG_WARN_UNGUARDED_AVAILABILITY = YES_AGGRESSIVE;
				CLANG_WARN_UNREACHABLE_CODE = YES;
				CLANG_WARN__DUPLICATE_METHOD_MATCH = YES;
				COPY_PHASE_STRIP = NO;
				DEBUG_INFORMATION_FORMAT = "dwarf-with-dsym";
				ENABLE_NS_ASSERTIONS = NO;
				ENABLE_STRICT_OBJC_MSGSEND = YES;
				GCC_C_LANGUAGE_STANDARD = gnu11;
				GCC_NO_COMMON_BLOCKS = YES;
				GCC_WARN_64_TO_32_BIT_CONVERSION = YES;
				GCC_WARN_ABOUT_RETURN_TYPE = YES_ERROR;
				GCC_WARN_UNDECLARED_SELECTOR = YES;
				GCC_WARN_UNINITIALIZED_AUTOS = YES_AGGRESSIVE;
				GCC_WARN_UNUSED_FUNCTION = YES;
				GCC_WARN_UNUSED_VARIABLE = YES;
				IPHONEOS_DEPLOYMENT_TARGET = 16.0;
				MTL_ENABLE_DEBUG_INFO = NO;
				MTL_FAST_MATH = YES;
				SDKROOT = iphoneos;
				SWIFT_COMPILATION_MODE = wholemodule;
				SWIFT_OPTIMIZATION_LEVEL = "-O";
				VALIDATE_PRODUCT = YES;
			};
			name = Release;
		};
		3BD08C762968CAEA00CE56ED /* Debug */ = {
			isa = XCBuildConfiguration;
			buildSettings = {
				ASSETCATALOG_COMPILER_APPICON_NAME = AppIcon;
				ASSETCATALOG_COMPILER_GLOBAL_ACCENT_COLOR_NAME = AccentColor;
				CODE_SIGN_STYLE = Automatic;
				CURRENT_PROJECT_VERSION = 1;
				DEVELOPMENT_ASSET_PATHS = "\"Meals/Preview Content\"";
				DEVELOPMENT_TEAM = 67R24UQ82P;
				ENABLE_PREVIEWS = YES;
				GENERATE_INFOPLIST_FILE = YES;
				INFOPLIST_KEY_UIApplicationSceneManifest_Generation = YES;
				INFOPLIST_KEY_UIApplicationSupportsIndirectInputEvents = YES;
				INFOPLIST_KEY_UILaunchScreen_Generation = YES;
				INFOPLIST_KEY_UISupportedInterfaceOrientations_iPad = "UIInterfaceOrientationPortrait UIInterfaceOrientationPortraitUpsideDown UIInterfaceOrientationLandscapeLeft UIInterfaceOrientationLandscapeRight";
				INFOPLIST_KEY_UISupportedInterfaceOrientations_iPhone = "UIInterfaceOrientationPortrait UIInterfaceOrientationLandscapeLeft UIInterfaceOrientationLandscapeRight";
				LD_RUNPATH_SEARCH_PATHS = (
					"$(inherited)",
					"@executable_path/Frameworks",
				);
				MARKETING_VERSION = 1.0;
				PRODUCT_BUNDLE_IDENTIFIER = com.dosherak.Meals;
				PRODUCT_NAME = "$(TARGET_NAME)";
				SWIFT_EMIT_LOC_STRINGS = YES;
				SWIFT_VERSION = 5.0;
				TARGETED_DEVICE_FAMILY = "1,2";
			};
			name = Debug;
		};
		3BD08C772968CAEA00CE56ED /* Release */ = {
			isa = XCBuildConfiguration;
			buildSettings = {
				ASSETCATALOG_COMPILER_APPICON_NAME = AppIcon;
				ASSETCATALOG_COMPILER_GLOBAL_ACCENT_COLOR_NAME = AccentColor;
				CODE_SIGN_STYLE = Automatic;
				CURRENT_PROJECT_VERSION = 1;
				DEVELOPMENT_ASSET_PATHS = "\"Meals/Preview Content\"";
				DEVELOPMENT_TEAM = 67R24UQ82P;
				ENABLE_PREVIEWS = YES;
				GENERATE_INFOPLIST_FILE = YES;
				INFOPLIST_KEY_UIApplicationSceneManifest_Generation = YES;
				INFOPLIST_KEY_UIApplicationSupportsIndirectInputEvents = YES;
				INFOPLIST_KEY_UILaunchScreen_Generation = YES;
				INFOPLIST_KEY_UISupportedInterfaceOrientations_iPad = "UIInterfaceOrientationPortrait UIInterfaceOrientationPortraitUpsideDown UIInterfaceOrientationLandscapeLeft UIInterfaceOrientationLandscapeRight";
				INFOPLIST_KEY_UISupportedInterfaceOrientations_iPhone = "UIInterfaceOrientationPortrait UIInterfaceOrientationLandscapeLeft UIInterfaceOrientationLandscapeRight";
				LD_RUNPATH_SEARCH_PATHS = (
					"$(inherited)",
					"@executable_path/Frameworks",
				);
				MARKETING_VERSION = 1.0;
				PRODUCT_BUNDLE_IDENTIFIER = com.dosherak.Meals;
				PRODUCT_NAME = "$(TARGET_NAME)";
				SWIFT_EMIT_LOC_STRINGS = YES;
				SWIFT_VERSION = 5.0;
				TARGETED_DEVICE_FAMILY = "1,2";
			};
			name = Release;
		};
/* End XCBuildConfiguration section */

/* Begin XCConfigurationList section */
		3BD08C622968CAE900CE56ED /* Build configuration list for PBXProject "Meals" */ = {
			isa = XCConfigurationList;
			buildConfigurations = (
				3BD08C732968CAEA00CE56ED /* Debug */,
				3BD08C742968CAEA00CE56ED /* Release */,
			);
			defaultConfigurationIsVisible = 0;
			defaultConfigurationName = Release;
		};
		3BD08C752968CAEA00CE56ED /* Build configuration list for PBXNativeTarget "Meals" */ = {
			isa = XCConfigurationList;
			buildConfigurations = (
				3BD08C762968CAEA00CE56ED /* Debug */,
				3BD08C772968CAEA00CE56ED /* Release */,
			);
			defaultConfigurationIsVisible = 0;
			defaultConfigurationName = Release;
		};
/* End XCConfigurationList section */
	};
	rootObject = 3BD08C5F2968CAE900CE56ED /* Project object */;
}
